Microsoft Visual Studio Solution File, Format Version 12.00
# Visual Studio Version 17
VisualStudioVersion = 17.4.33122.133
MinimumVisualStudioVersion = 10.0.40219.1
Project("{9A19103F-16F7-4668-BE54-9A1E7A4F7556}") = "TryIT.ExcelService", "TryIT.ExcelService\TryIT.ExcelService.csproj", "{BD73D112-3D1B-41A6-8318-E47A6ED4C7F7}"
EndProject
Project("{9A19103F-16F7-4668-BE54-9A1E7A4F7556}") = "TryIT.MicrosoftGraphService", "TryIT.MicrosoftGraphService\TryIT.MicrosoftGraphService.csproj", "{86CB1402-653E-4358-91C7-5AE9F5033054}"
EndProject
Project("{9A19103F-16F7-4668-BE54-9A1E7A4F7556}") = "TryIT.SqlAdoService", "TryIT.SqlAdoService\TryIT.SqlAdoService.csproj", "{74510E8B-6A42-4802-A888-915311596FF2}"
EndProject
Project("{9A19103F-16F7-4668-BE54-9A1E7A4F7556}") = "NUnitTest_Web", "NUnitTest_Web\NUnitTest_Web.csproj", "{8091148E-40E3-4426-8377-A68585FF314E}"
EndProject
Project("{9A19103F-16F7-4668-BE54-9A1E7A4F7556}") = "TryIT.QuartzJobBase", "TryIT.QuartzJobBase\TryIT.QuartzJobBase.csproj", "{45D8221D-E4A1-4660-8E08-B146B943F730}"
EndProject
Project("{9A19103F-16F7-4668-BE54-9A1E7A4F7556}") = "TryIT.SFTPService", "TryIT.SFTPService\TryIT.SFTPService.csproj", "{439078D8-F8FD-439A-9BFA-1A6691BD1624}"
EndProject
Project("{9A19103F-16F7-4668-BE54-9A1E7A4F7556}") = "TryIT.HttpHandler", "TryIT.HttpHandler\TryIT.HttpHandler.csproj", "{D9A8C806-EFE6-4F03-A976-01097F726F20}"
EndProject
Project("{9A19103F-16F7-4668-BE54-9A1E7A4F7556}") = "TryIT.ActiveDirectory", "TryIT.ActiveDirectory\TryIT.ActiveDirectory.csproj", "{E3FDE038-19C9-4239-BEE6-365FCA7008A5}"
EndProject
Project("{9A19103F-16F7-4668-BE54-9A1E7A4F7556}") = "TryIT.DataConversion", "TryIT.DataConversion\TryIT.DataConversion.csproj", "{29DF7638-AD2D-4320-AECB-521A86CB156F}"
EndProject
Project("{9A19103F-16F7-4668-BE54-9A1E7A4F7556}") = "TryIT.CryptoService", "TryIT.CryptoService\TryIT.CryptoService.csproj", "{9E1AB63A-71EB-4AA8-9A2A-75BC8A16D70D}"
EndProject
Project("{9A19103F-16F7-4668-BE54-9A1E7A4F7556}") = "TryIT.ObjectExtension", "TryIT.ObjectExtension\TryIT.ObjectExtension.csproj", "{82B18564-17D7-4FCC-A73B-A4EC0324495E}"
EndProject
Project("{9A19103F-16F7-4668-BE54-9A1E7A4F7556}") = "TryIT.WindowService", "TryIT.WindowService\TryIT.WindowService.csproj", "{CFA858A7-BB8D-413E-BE33-FEF19C99F62C}"
EndProject
Project("{9A19103F-16F7-4668-BE54-9A1E7A4F7556}") = "TryIT.FileService", "TryIT.FileService\TryIT.FileService.csproj", "{D3AC6458-D284-4D63-83AA-33E75F53C416}"
EndProject
Project("{9A19103F-16F7-4668-BE54-9A1E7A4F7556}") = "TryIT.FileService.Zip", "TryIT.FileService.Zip\TryIT.FileService.Zip.csproj", "{93E8F39F-994B-416F-BB5A-EB7790E4D279}"
EndProject
Project("{9A19103F-16F7-4668-BE54-9A1E7A4F7556}") = "TryIT.RestApiService", "TryIT.RestApiService\TryIT.RestApiService.csproj", "{299E84C8-DD31-4496-9EA4-A4D28F76EB2F}"
EndProject
Project("{9A19103F-16F7-4668-BE54-9A1E7A4F7556}") = "TryIT.Impersonation.Win", "TryIT.Impersonation.Win\TryIT.Impersonation.Win.csproj", "{BFE27B6F-D79A-437D-A7BE-B59D638D299F}"
EndProject
Project("{9A19103F-16F7-4668-BE54-9A1E7A4F7556}") = "NUnitTest02", "NUnitTest02\NUnitTest02.csproj", "{A78155D3-C073-4896-BF8A-10E9DB05D3AB}"
EndProject
Project("{9A19103F-16F7-4668-BE54-9A1E7A4F7556}") = "TryIT.EmailService", "TryIT.EmailService\TryIT.EmailService.csproj", "{6C5DF0A6-CE18-48C2-8944-4C033FFA1964}"
EndProject
Project("{9A19103F-16F7-4668-BE54-9A1E7A4F7556}") = "TryIT.Azure", "TryIT.Azure\TryIT.Azure.csproj", "{AF957991-06A2-4AEB-84FC-071DAE41A31C}"
EndProject
Project("{9A19103F-16F7-4668-BE54-9A1E7A4F7556}") = "TryIT.OracleDbConnector", "TryIT.OracleDbConnector\TryIT.OracleDbConnector.csproj", "{77094D31-EF72-45FF-AD43-68261E041967}"
EndProject
Project("{9A19103F-16F7-4668-BE54-9A1E7A4F7556}") = "TryIT.PGP", "TryIT.PGP\TryIT.PGP.csproj", "{F680A5D4-AEE7-45A9-950E-20E0AD205539}"
EndProject
Project("{9A19103F-16F7-4668-BE54-9A1E7A4F7556}") = "TryIT.TableauApi", "TryIT.TableauApi\TryIT.TableauApi.csproj", "{BE22921C-FC6B-4C2E-BCF2-24E143F885CA}"
EndProject
Project("{9A19103F-16F7-4668-BE54-9A1E7A4F7556}") = "TryIT.Azure.JWT", "TryIT.Azure.JWT\TryIT.Azure.JWT.csproj", "{9585569B-A3F2-4CEA-9726-71930847758C}"
EndProject
Project("{9A19103F-16F7-4668-BE54-9A1E7A4F7556}") = "TryIT.Jwt", "TryIT.Jwt\TryIT.Jwt.csproj", "{4172D262-5D6E-4749-9C26-3F2CBD1426ED}"
EndProject
Project("{FAE04EC0-301F-11D3-BF4B-00C04F79EFBC}") = "TryIT.SqlAdo.MicrosoftSqlClient", "TryIT.SqlAdo.MicrosoftSqlClient\TryIT.SqlAdo.MicrosoftSqlClient.csproj", "{2BC6144D-7B20-4C69-B4E0-A5B7D077E68E}"
EndProject
Global
	GlobalSection(SolutionConfigurationPlatforms) = preSolution
		Debug|Any CPU = Debug|Any CPU
		Release|Any CPU = Release|Any CPU
	EndGlobalSection
	GlobalSection(ProjectConfigurationPlatforms) = postSolution
		{BD73D112-3D1B-41A6-8318-E47A6ED4C7F7}.Debug|Any CPU.ActiveCfg = Debug|Any CPU
		{BD73D112-3D1B-41A6-8318-E47A6ED4C7F7}.Debug|Any CPU.Build.0 = Debug|Any CPU
		{BD73D112-3D1B-41A6-8318-E47A6ED4C7F7}.Release|Any CPU.ActiveCfg = Release|Any CPU
		{BD73D112-3D1B-41A6-8318-E47A6ED4C7F7}.Release|Any CPU.Build.0 = Release|Any CPU
		{86CB1402-653E-4358-91C7-5AE9F5033054}.Debug|Any CPU.ActiveCfg = Debug|Any CPU
		{86CB1402-653E-4358-91C7-5AE9F5033054}.Debug|Any CPU.Build.0 = Debug|Any CPU
		{86CB1402-653E-4358-91C7-5AE9F5033054}.Release|Any CPU.ActiveCfg = Release|Any CPU
		{86CB1402-653E-4358-91C7-5AE9F5033054}.Release|Any CPU.Build.0 = Release|Any CPU
		{74510E8B-6A42-4802-A888-915311596FF2}.Debug|Any CPU.ActiveCfg = Debug|Any CPU
		{74510E8B-6A42-4802-A888-915311596FF2}.Debug|Any CPU.Build.0 = Debug|Any CPU
		{74510E8B-6A42-4802-A888-915311596FF2}.Release|Any CPU.ActiveCfg = Release|Any CPU
		{74510E8B-6A42-4802-A888-915311596FF2}.Release|Any CPU.Build.0 = Release|Any CPU
		{8091148E-40E3-4426-8377-A68585FF314E}.Debug|Any CPU.ActiveCfg = Debug|Any CPU
		{8091148E-40E3-4426-8377-A68585FF314E}.Debug|Any CPU.Build.0 = Debug|Any CPU
		{8091148E-40E3-4426-8377-A68585FF314E}.Release|Any CPU.ActiveCfg = Release|Any CPU
		{8091148E-40E3-4426-8377-A68585FF314E}.Release|Any CPU.Build.0 = Release|Any CPU
		{45D8221D-E4A1-4660-8E08-B146B943F730}.Debug|Any CPU.ActiveCfg = Debug|Any CPU
		{45D8221D-E4A1-4660-8E08-B146B943F730}.Debug|Any CPU.Build.0 = Debug|Any CPU
		{45D8221D-E4A1-4660-8E08-B146B943F730}.Release|Any CPU.ActiveCfg = Release|Any CPU
		{45D8221D-E4A1-4660-8E08-B146B943F730}.Release|Any CPU.Build.0 = Release|Any CPU
		{439078D8-F8FD-439A-9BFA-1A6691BD1624}.Debug|Any CPU.ActiveCfg = Debug|Any CPU
		{439078D8-F8FD-439A-9BFA-1A6691BD1624}.Debug|Any CPU.Build.0 = Debug|Any CPU
		{439078D8-F8FD-439A-9BFA-1A6691BD1624}.Release|Any CPU.ActiveCfg = Release|Any CPU
		{439078D8-F8FD-439A-9BFA-1A6691BD1624}.Release|Any CPU.Build.0 = Release|Any CPU
		{D9A8C806-EFE6-4F03-A976-01097F726F20}.Debug|Any CPU.ActiveCfg = Debug|Any CPU
		{D9A8C806-EFE6-4F03-A976-01097F726F20}.Debug|Any CPU.Build.0 = Debug|Any CPU
		{D9A8C806-EFE6-4F03-A976-01097F726F20}.Release|Any CPU.ActiveCfg = Release|Any CPU
		{D9A8C806-EFE6-4F03-A976-01097F726F20}.Release|Any CPU.Build.0 = Release|Any CPU
		{E3FDE038-19C9-4239-BEE6-365FCA7008A5}.Debug|Any CPU.ActiveCfg = Debug|Any CPU
		{E3FDE038-19C9-4239-BEE6-365FCA7008A5}.Debug|Any CPU.Build.0 = Debug|Any CPU
		{E3FDE038-19C9-4239-BEE6-365FCA7008A5}.Release|Any CPU.ActiveCfg = Release|Any CPU
		{E3FDE038-19C9-4239-BEE6-365FCA7008A5}.Release|Any CPU.Build.0 = Release|Any CPU
		{29DF7638-AD2D-4320-AECB-521A86CB156F}.Debug|Any CPU.ActiveCfg = Debug|Any CPU
		{29DF7638-AD2D-4320-AECB-521A86CB156F}.Debug|Any CPU.Build.0 = Debug|Any CPU
		{29DF7638-AD2D-4320-AECB-521A86CB156F}.Release|Any CPU.ActiveCfg = Release|Any CPU
		{29DF7638-AD2D-4320-AECB-521A86CB156F}.Release|Any CPU.Build.0 = Release|Any CPU
		{9E1AB63A-71EB-4AA8-9A2A-75BC8A16D70D}.Debug|Any CPU.ActiveCfg = Debug|Any CPU
		{9E1AB63A-71EB-4AA8-9A2A-75BC8A16D70D}.Debug|Any CPU.Build.0 = Debug|Any CPU
		{9E1AB63A-71EB-4AA8-9A2A-75BC8A16D70D}.Release|Any CPU.ActiveCfg = Release|Any CPU
		{9E1AB63A-71EB-4AA8-9A2A-75BC8A16D70D}.Release|Any CPU.Build.0 = Release|Any CPU
		{82B18564-17D7-4FCC-A73B-A4EC0324495E}.Debug|Any CPU.ActiveCfg = Debug|Any CPU
		{82B18564-17D7-4FCC-A73B-A4EC0324495E}.Debug|Any CPU.Build.0 = Debug|Any CPU
		{82B18564-17D7-4FCC-A73B-A4EC0324495E}.Release|Any CPU.ActiveCfg = Release|Any CPU
		{82B18564-17D7-4FCC-A73B-A4EC0324495E}.Release|Any CPU.Build.0 = Release|Any CPU
		{CFA858A7-BB8D-413E-BE33-FEF19C99F62C}.Debug|Any CPU.ActiveCfg = Debug|Any CPU
		{CFA858A7-BB8D-413E-BE33-FEF19C99F62C}.Debug|Any CPU.Build.0 = Debug|Any CPU
		{CFA858A7-BB8D-413E-BE33-FEF19C99F62C}.Release|Any CPU.ActiveCfg = Release|Any CPU
		{CFA858A7-BB8D-413E-BE33-FEF19C99F62C}.Release|Any CPU.Build.0 = Release|Any CPU
		{D3AC6458-D284-4D63-83AA-33E75F53C416}.Debug|Any CPU.ActiveCfg = Debug|Any CPU
		{D3AC6458-D284-4D63-83AA-33E75F53C416}.Debug|Any CPU.Build.0 = Debug|Any CPU
		{D3AC6458-D284-4D63-83AA-33E75F53C416}.Release|Any CPU.ActiveCfg = Release|Any CPU
		{D3AC6458-D284-4D63-83AA-33E75F53C416}.Release|Any CPU.Build.0 = Release|Any CPU
		{93E8F39F-994B-416F-BB5A-EB7790E4D279}.Debug|Any CPU.ActiveCfg = Debug|Any CPU
		{93E8F39F-994B-416F-BB5A-EB7790E4D279}.Debug|Any CPU.Build.0 = Debug|Any CPU
		{93E8F39F-994B-416F-BB5A-EB7790E4D279}.Release|Any CPU.ActiveCfg = Release|Any CPU
		{93E8F39F-994B-416F-BB5A-EB7790E4D279}.Release|Any CPU.Build.0 = Release|Any CPU
		{299E84C8-DD31-4496-9EA4-A4D28F76EB2F}.Debug|Any CPU.ActiveCfg = Debug|Any CPU
		{299E84C8-DD31-4496-9EA4-A4D28F76EB2F}.Debug|Any CPU.Build.0 = Debug|Any CPU
		{299E84C8-DD31-4496-9EA4-A4D28F76EB2F}.Release|Any CPU.ActiveCfg = Release|Any CPU
		{299E84C8-DD31-4496-9EA4-A4D28F76EB2F}.Release|Any CPU.Build.0 = Release|Any CPU
		{BFE27B6F-D79A-437D-A7BE-B59D638D299F}.Debug|Any CPU.ActiveCfg = Debug|Any CPU
		{BFE27B6F-D79A-437D-A7BE-B59D638D299F}.Debug|Any CPU.Build.0 = Debug|Any CPU
		{BFE27B6F-D79A-437D-A7BE-B59D638D299F}.Release|Any CPU.ActiveCfg = Release|Any CPU
		{BFE27B6F-D79A-437D-A7BE-B59D638D299F}.Release|Any CPU.Build.0 = Release|Any CPU
		{A78155D3-C073-4896-BF8A-10E9DB05D3AB}.Debug|Any CPU.ActiveCfg = Debug|Any CPU
		{A78155D3-C073-4896-BF8A-10E9DB05D3AB}.Debug|Any CPU.Build.0 = Debug|Any CPU
		{A78155D3-C073-4896-BF8A-10E9DB05D3AB}.Release|Any CPU.ActiveCfg = Release|Any CPU
		{A78155D3-C073-4896-BF8A-10E9DB05D3AB}.Release|Any CPU.Build.0 = Release|Any CPU
		{6C5DF0A6-CE18-48C2-8944-4C033FFA1964}.Debug|Any CPU.ActiveCfg = Debug|Any CPU
		{6C5DF0A6-CE18-48C2-8944-4C033FFA1964}.Debug|Any CPU.Build.0 = Debug|Any CPU
		{6C5DF0A6-CE18-48C2-8944-4C033FFA1964}.Release|Any CPU.ActiveCfg = Release|Any CPU
		{6C5DF0A6-CE18-48C2-8944-4C033FFA1964}.Release|Any CPU.Build.0 = Release|Any CPU
		{AF957991-06A2-4AEB-84FC-071DAE41A31C}.Debug|Any CPU.ActiveCfg = Debug|Any CPU
		{AF957991-06A2-4AEB-84FC-071DAE41A31C}.Debug|Any CPU.Build.0 = Debug|Any CPU
		{AF957991-06A2-4AEB-84FC-071DAE41A31C}.Release|Any CPU.ActiveCfg = Release|Any CPU
		{AF957991-06A2-4AEB-84FC-071DAE41A31C}.Release|Any CPU.Build.0 = Release|Any CPU
		{77094D31-EF72-45FF-AD43-68261E041967}.Debug|Any CPU.ActiveCfg = Debug|Any CPU
		{77094D31-EF72-45FF-AD43-68261E041967}.Debug|Any CPU.Build.0 = Debug|Any CPU
		{77094D31-EF72-45FF-AD43-68261E041967}.Release|Any CPU.ActiveCfg = Release|Any CPU
		{77094D31-EF72-45FF-AD43-68261E041967}.Release|Any CPU.Build.0 = Release|Any CPU
		{F680A5D4-AEE7-45A9-950E-20E0AD205539}.Debug|Any CPU.ActiveCfg = Debug|Any CPU
		{F680A5D4-AEE7-45A9-950E-20E0AD205539}.Debug|Any CPU.Build.0 = Debug|Any CPU
		{F680A5D4-AEE7-45A9-950E-20E0AD205539}.Release|Any CPU.ActiveCfg = Release|Any CPU
		{F680A5D4-AEE7-45A9-950E-20E0AD205539}.Release|Any CPU.Build.0 = Release|Any CPU
		{BE22921C-FC6B-4C2E-BCF2-24E143F885CA}.Debug|Any CPU.ActiveCfg = Debug|Any CPU
		{BE22921C-FC6B-4C2E-BCF2-24E143F885CA}.Debug|Any CPU.Build.0 = Debug|Any CPU
		{BE22921C-FC6B-4C2E-BCF2-24E143F885CA}.Release|Any CPU.ActiveCfg = Release|Any CPU
		{BE22921C-FC6B-4C2E-BCF2-24E143F885CA}.Release|Any CPU.Build.0 = Release|Any CPU
		{9585569B-A3F2-4CEA-9726-71930847758C}.Debug|Any CPU.ActiveCfg = Debug|Any CPU
		{9585569B-A3F2-4CEA-9726-71930847758C}.Debug|Any CPU.Build.0 = Debug|Any CPU
		{9585569B-A3F2-4CEA-9726-71930847758C}.Release|Any CPU.ActiveCfg = Release|Any CPU
		{9585569B-A3F2-4CEA-9726-71930847758C}.Release|Any CPU.Build.0 = Release|Any CPU
		{4172D262-5D6E-4749-9C26-3F2CBD1426ED}.Debug|Any CPU.ActiveCfg = Debug|Any CPU
		{4172D262-5D6E-4749-9C26-3F2CBD1426ED}.Debug|Any CPU.Build.0 = Debug|Any CPU
		{4172D262-5D6E-4749-9C26-3F2CBD1426ED}.Release|Any CPU.ActiveCfg = Release|Any CPU
		{4172D262-5D6E-4749-9C26-3F2CBD1426ED}.Release|Any CPU.Build.0 = Release|Any CPU
		{2BC6144D-7B20-4C69-B4E0-A5B7D077E68E}.Debug|Any CPU.ActiveCfg = Debug|Any CPU
		{2BC6144D-7B20-4C69-B4E0-A5B7D077E68E}.Debug|Any CPU.Build.0 = Debug|Any CPU
		{2BC6144D-7B20-4C69-B4E0-A5B7D077E68E}.Release|Any CPU.ActiveCfg = Release|Any CPU
		{2BC6144D-7B20-4C69-B4E0-A5B7D077E68E}.Release|Any CPU.Build.0 = Release|Any CPU
	EndGlobalSection
	GlobalSection(SolutionProperties) = preSolution
		HideSolutionNode = FALSE
	EndGlobalSection
	GlobalSection(ExtensibilityGlobals) = postSolution
		SolutionGuid = {942FF987-0DE0-4E27-8B26-8F4708DFD86B}
	EndGlobalSection
EndGlobal
